
Microsoft Visual Studio Solution File, Format Version 12.00
# Visual Studio Version 17
VisualStudioVersion = 17.3.32929.385
MinimumVisualStudioVersion = 10.0.40219.1
Project("{2150E333-8FDC-42A3-9474-1A3956D46DE8}") = "Doc", "Doc", "{B9883763-BA5F-4A7F-9EF3-BFFA7DB3A306}"
	ProjectSection(SolutionItems) = preProject
		Notes.txt = Notes.txt
	EndProjectSection
EndProject
Project("{2150E333-8FDC-42A3-9474-1A3956D46DE8}") = "Src", "Src", "{C5DB0995-52EF-4325-A87F-40A4F29B6FCF}"
EndProject
Project("{2150E333-8FDC-42A3-9474-1A3956D46DE8}") = "Test", "Test", "{0C88F880-1BC6-431F-B8B7-644CCABD60D4}"
EndProject
Project("{2150E333-8FDC-42A3-9474-1A3956D46DE8}") = "Core", "Core", "{C8C2D5CF-532D-4160-84B2-2FB08F328D19}"
EndProject
Project("{2150E333-8FDC-42A3-9474-1A3956D46DE8}") = "Common", "Common", "{799C9C8F-C586-4C99-8EF9-34DFEF887C64}"
EndProject
Project("{2150E333-8FDC-42A3-9474-1A3956D46DE8}") = "Infrastructure", "Infrastructure", "{5ECCFE2F-E212-4EDC-8A50-A61EC61CADB8}"
EndProject
Project("{2150E333-8FDC-42A3-9474-1A3956D46DE8}") = "Presentation", "Presentation", "{81BE4BED-8C20-49BF-8913-A207DA7ED918}"
EndProject
Project("{9A19103F-16F7-4668-BE54-9A1E7A4F7556}") = "Amir_Store.Domain", "Amir_Store.Domain\Amir_Store.Domain.csproj", "{604F8EF6-70C5-4BB1-90FA-EADEB7DC5E69}"
EndProject
Project("{9A19103F-16F7-4668-BE54-9A1E7A4F7556}") = "Amir_Store.Application", "Amir_Store.Application\Amir_Store.Application.csproj", "{8FFEA21B-9D34-467F-9E62-B1F96B433CFC}"
EndProject
Project("{9A19103F-16F7-4668-BE54-9A1E7A4F7556}") = "Amir_Store.Infrastructure", "Amir_Store.Infrastructure\Amir_Store.Infrastructure.csproj", "{34846CCA-C4FA-4434-B68B-9DEF1F64C945}"
EndProject
Project("{9A19103F-16F7-4668-BE54-9A1E7A4F7556}") = "Amir_Store.Persistence", "Amir_Store.Persistence\Amir_Store.Persistence.csproj", "{B97BC082-C4C5-447F-8FEE-F6BE7410B796}"
EndProject
Project("{9A19103F-16F7-4668-BE54-9A1E7A4F7556}") = "Amir_Store.Common", "Amir_Store.Common\Amir_Store.Common.csproj", "{6F338D28-01B8-483F-B246-8A9A328B4D9E}"
EndProject
Project("{9A19103F-16F7-4668-BE54-9A1E7A4F7556}") = "EndPoint.Site", "EndPoint.Site\EndPoint.Site.csproj", "{B81E87EF-43E5-4426-AB54-6ED25F5CB7D5}"
EndProject
Global
	GlobalSection(SolutionConfigurationPlatforms) = preSolution
		Debug|Any CPU = Debug|Any CPU
		Release|Any CPU = Release|Any CPU
	EndGlobalSection
	GlobalSection(ProjectConfigurationPlatforms) = postSolution
		{604F8EF6-70C5-4BB1-90FA-EADEB7DC5E69}.Debug|Any CPU.ActiveCfg = Debug|Any CPU
		{604F8EF6-70C5-4BB1-90FA-EADEB7DC5E69}.Debug|Any CPU.Build.0 = Debug|Any CPU
		{604F8EF6-70C5-4BB1-90FA-EADEB7DC5E69}.Release|Any CPU.ActiveCfg = Release|Any CPU
		{604F8EF6-70C5-4BB1-90FA-EADEB7DC5E69}.Release|Any CPU.Build.0 = Release|Any CPU
		{8FFEA21B-9D34-467F-9E62-B1F96B433CFC}.Debug|Any CPU.ActiveCfg = Debug|Any CPU
		{8FFEA21B-9D34-467F-9E62-B1F96B433CFC}.Debug|Any CPU.Build.0 = Debug|Any CPU
		{8FFEA21B-9D34-467F-9E62-B1F96B433CFC}.Release|Any CPU.ActiveCfg = Release|Any CPU
		{8FFEA21B-9D34-467F-9E62-B1F96B433CFC}.Release|Any CPU.Build.0 = Release|Any CPU
		{34846CCA-C4FA-4434-B68B-9DEF1F64C945}.Debug|Any CPU.ActiveCfg = Debug|Any CPU
		{34846CCA-C4FA-4434-B68B-9DEF1F64C945}.Debug|Any CPU.Build.0 = Debug|Any CPU
		{34846CCA-C4FA-4434-B68B-9DEF1F64C945}.Release|Any CPU.ActiveCfg = Release|Any CPU
		{34846CCA-C4FA-4434-B68B-9DEF1F64C945}.Release|Any CPU.Build.0 = Release|Any CPU
		{B97BC082-C4C5-447F-8FEE-F6BE7410B796}.Debug|Any CPU.ActiveCfg = Debug|Any CPU
		{B97BC082-C4C5-447F-8FEE-F6BE7410B796}.Debug|Any CPU.Build.0 = Debug|Any CPU
		{B97BC082-C4C5-447F-8FEE-F6BE7410B796}.Release|Any CPU.ActiveCfg = Release|Any CPU
		{B97BC082-C4C5-447F-8FEE-F6BE7410B796}.Release|Any CPU.Build.0 = Release|Any CPU
		{6F338D28-01B8-483F-B246-8A9A328B4D9E}.Debug|Any CPU.ActiveCfg = Debug|Any CPU
		{6F338D28-01B8-483F-B246-8A9A328B4D9E}.Debug|Any CPU.Build.0 = Debug|Any CPU
		{6F338D28-01B8-483F-B246-8A9A328B4D9E}.Release|Any CPU.ActiveCfg = Release|Any CPU
		{6F338D28-01B8-483F-B246-8A9A328B4D9E}.Release|Any CPU.Build.0 = Release|Any CPU
		{B81E87EF-43E5-4426-AB54-6ED25F5CB7D5}.Debug|Any CPU.ActiveCfg = Debug|Any CPU
		{B81E87EF-43E5-4426-AB54-6ED25F5CB7D5}.Debug|Any CPU.Build.0 = Debug|Any CPU
		{B81E87EF-43E5-4426-AB54-6ED25F5CB7D5}.Release|Any CPU.ActiveCfg = Release|Any CPU
		{B81E87EF-43E5-4426-AB54-6ED25F5CB7D5}.Release|Any CPU.Build.0 = Release|Any CPU
	EndGlobalSection
	GlobalSection(SolutionProperties) = preSolution
		HideSolutionNode = FALSE
	EndGlobalSection
	GlobalSection(NestedProjects) = preSolution
		{C8C2D5CF-532D-4160-84B2-2FB08F328D19} = {C5DB0995-52EF-4325-A87F-40A4F29B6FCF}
		{799C9C8F-C586-4C99-8EF9-34DFEF887C64} = {C5DB0995-52EF-4325-A87F-40A4F29B6FCF}
		{5ECCFE2F-E212-4EDC-8A50-A61EC61CADB8} = {C5DB0995-52EF-4325-A87F-40A4F29B6FCF}
		{81BE4BED-8C20-49BF-8913-A207DA7ED918} = {C5DB0995-52EF-4325-A87F-40A4F29B6FCF}
		{604F8EF6-70C5-4BB1-90FA-EADEB7DC5E69} = {C8C2D5CF-532D-4160-84B2-2FB08F328D19}
		{8FFEA21B-9D34-467F-9E62-B1F96B433CFC} = {C8C2D5CF-532D-4160-84B2-2FB08F328D19}
		{34846CCA-C4FA-4434-B68B-9DEF1F64C945} = {5ECCFE2F-E212-4EDC-8A50-A61EC61CADB8}
		{B97BC082-C4C5-447F-8FEE-F6BE7410B796} = {5ECCFE2F-E212-4EDC-8A50-A61EC61CADB8}
		{6F338D28-01B8-483F-B246-8A9A328B4D9E} = {799C9C8F-C586-4C99-8EF9-34DFEF887C64}
		{B81E87EF-43E5-4426-AB54-6ED25F5CB7D5} = {81BE4BED-8C20-49BF-8913-A207DA7ED918}
	EndGlobalSection
	GlobalSection(ExtensibilityGlobals) = postSolution
		SolutionGuid = {F3FAED89-B7D6-48B9-9694-C1190849F99B}
	EndGlobalSection
EndGlobal
